<?xml version="1.0" encoding="utf-8"?>
<Project ToolsVersion="4.0" xmlns="http://schemas.microsoft.com/developer/msbuild/2003">
  <ItemGroup>
    <ClCompile Include="pch.cpp" />
    <ClCompile Include="Foundation\PixelFormat.cpp">
      <Filter>Foundaion</Filter>
    </ClCompile>
    <ClCompile Include="Foundation\Misc.cpp">
      <Filter>Foundaion</Filter>
    </ClCompile>
    <ClCompile Include="OpenToonzPlugin\OpenToonzPlugin.cpp">
      <Filter>OpenToonzPlugin</Filter>
    </ClCompile>
    <ClCompile Include="OpenToonzPlugin\otpHostInterface.cpp">
      <Filter>OpenToonzPlugin</Filter>
    </ClCompile>
    <ClCompile Include="OpenToonzPlugin\otpModule.cpp">
      <Filter>OpenToonzPlugin</Filter>
    </ClCompile>
    <ClCompile Include="OpenToonzPlugin\otpParam.cpp">
      <Filter>OpenToonzPlugin</Filter>
    </ClCompile>
    <ClCompile Include="OpenToonzPlugin\otpPort.cpp">
      <Filter>OpenToonzPlugin</Filter>
    </ClCompile>
    <ClCompile Include="OpenToonzPlugin\otpInstance.cpp">
      <Filter>OpenToonzPlugin</Filter>
    </ClCompile>
  </ItemGroup>
  <ItemGroup>
    <ClInclude Include="pch.h" />
    <ClInclude Include="Foundation\Buffer.h">
      <Filter>Foundaion</Filter>
    </ClInclude>
    <ClInclude Include="Foundation\Misc.h">
      <Filter>Foundaion</Filter>
    </ClInclude>
    <ClInclude Include="Foundation\PixelFormat.h">
      <Filter>Foundaion</Filter>
    </ClInclude>
    <ClInclude Include="Foundation\Image.h">
      <Filter>Foundaion</Filter>
    </ClInclude>
    <ClInclude Include="OpenToonzPlugin\OpenToonzPlugin.h">
      <Filter>OpenToonzPlugin</Filter>
    </ClInclude>
    <ClInclude Include="Foundation\Foundation.h">
      <Filter>Foundaion</Filter>
    </ClInclude>
    <ClInclude Include="OpenToonzPlugin\otpInstance.h">
      <Filter>OpenToonzPlugin</Filter>
    </ClInclude>
    <ClInclude Include="OpenToonzPlugin\otpModule.h">
      <Filter>OpenToonzPlugin</Filter>
    </ClInclude>
    <ClInclude Include="OpenToonzPlugin\otpParam.h">
      <Filter>OpenToonzPlugin</Filter>
    </ClInclude>
    <ClInclude Include="OpenToonzPlugin\otpPort.h">
      <Filter>OpenToonzPlugin</Filter>
    </ClInclude>
  </ItemGroup>
  <ItemGroup>
    <Filter Include="Foundaion">
      <UniqueIdentifier>{28750fd5-a7a5-49f2-9f06-622265629d19}</UniqueIdentifier>
    </Filter>
    <Filter Include="OpenToonzPlugin">
      <UniqueIdentifier>{9462a179-3515-4d09-93e4-a4ad5d9b299e}</UniqueIdentifier>
    </Filter>
  </ItemGroup>
  <ItemGroup>
    <CustomBuild Include="Foundation\ConvertKernel.ispc">
      <Filter>Foundaion</Filter>
    </CustomBuild>
  </ItemGroup>
</Project>